// !$*UTF8*$!
{
	archiveVersion = 1;
	classes = {
	};
	objectVersion = 50;
	objects = {

/* Begin PBXBuildFile section */
		37B7561A25C8E0A6002C1D2C /* AppDelegate.swift in Sources */ = {isa = PBXBuildFile; fileRef = 37B7561925C8E0A6002C1D2C /* AppDelegate.swift */; };
		37B7561C25C8E0A6002C1D2C /* SceneDelegate.swift in Sources */ = {isa = PBXBuildFile; fileRef = 37B7561B25C8E0A6002C1D2C /* SceneDelegate.swift */; };
		37B7561E25C8E0A6002C1D2C /* ViewController.swift in Sources */ = {isa = PBXBuildFile; fileRef = 37B7561D25C8E0A6002C1D2C /* ViewController.swift */; };
		37B7562125C8E0A6002C1D2C /* Main.storyboard in Resources */ = {isa = PBXBuildFile; fileRef = 37B7561F25C8E0A6002C1D2C /* Main.storyboard */; };
		37B7562425C8E0A6002C1D2C /* Pre_work_Surya_Patil.xcdatamodeld in Sources */ = {isa = PBXBuildFile; fileRef = 37B7562225C8E0A6002C1D2C /* Pre_work_Surya_Patil.xcdatamodeld */; };
		37B7562625C8E0A7002C1D2C /* Assets.xcassets in Resources */ = {isa = PBXBuildFile; fileRef = 37B7562525C8E0A7002C1D2C /* Assets.xcassets */; };
		37B7562925C8E0A7002C1D2C /* LaunchScreen.storyboard in Resources */ = {isa = PBXBuildFile; fileRef = 37B7562725C8E0A7002C1D2C /* LaunchScreen.storyboard */; };
		37B7563425C8E0A7002C1D2C /* Pre_work_Surya_PatilTests.swift in Sources */ = {isa = PBXBuildFile; fileRef = 37B7563325C8E0A7002C1D2C /* Pre_work_Surya_PatilTests.swift */; };
		37B7563F25C8E0A7002C1D2C /* Pre_work_Surya_PatilUITests.swift in Sources */ = {isa = PBXBuildFile; fileRef = 37B7563E25C8E0A7002C1D2C /* Pre_work_Surya_PatilUITests.swift */; };
/* End PBXBuildFile section */

/* Begin PBXContainerItemProxy section */
		37B7563025C8E0A7002C1D2C /* PBXContainerItemProxy */ = {
			isa = PBXContainerItemProxy;
			containerPortal = 37B7560E25C8E0A6002C1D2C /* Project object */;
			proxyType = 1;
			remoteGlobalIDString = 37B7561525C8E0A6002C1D2C;
			remoteInfo = "Pre-work Surya Patil";
		};
		37B7563B25C8E0A7002C1D2C /* PBXContainerItemProxy */ = {
			isa = PBXContainerItemProxy;
			containerPortal = 37B7560E25C8E0A6002C1D2C /* Project object */;
			proxyType = 1;
			remoteGlobalIDString = 37B7561525C8E0A6002C1D2C;
			remoteInfo = "Pre-work Surya Patil";
		};
/* End PBXContainerItemProxy section */

/* Begin PBXFileReference section */
		37B7561625C8E0A6002C1D2C /* Pre-work Surya Patil.app */ = {isa = PBXFileReference; explicitFileType = wrapper.application; includeInIndex = 0; path = "Pre-work Surya Patil.app"; sourceTree = BUILT_PRODUCTS_DIR; };
		37B7561925C8E0A6002C1D2C /* AppDelegate.swift */ = {isa = PBXFileReference; lastKnownFileType = sourcecode.swift; path = AppDelegate.swift; sourceTree = "<group>"; };
		37B7561B25C8E0A6002C1D2C /* SceneDelegate.swift */ = {isa = PBXFileReference; lastKnownFileType = sourcecode.swift; path = SceneDelegate.swift; sourceTree = "<group>"; };
		37B7561D25C8E0A6002C1D2C /* ViewController.swift */ = {isa = PBXFileReference; lastKnownFileType = sourcecode.swift; path = ViewController.swift; sourceTree = "<group>"; };
		37B7562025C8E0A6002C1D2C /* Base */ = {isa = PBXFileReference; lastKnownFileType = file.storyboard; name = Base; path = Base.lproj/Main.storyboard; sourceTree = "<group>"; };
		37B7562325C8E0A6002C1D2C /* Pre_work_Surya_Patil.xcdatamodel */ = {isa = PBXFileReference; lastKnownFileType = wrapper.xcdatamodel; path = Pre_work_Surya_Patil.xcdatamodel; sourceTree = "<group>"; };
		37B7562525C8E0A7002C1D2C /* Assets.xcassets */ = {isa = PBXFileReference; lastKnownFileType = folder.assetcatalog; path = Assets.xcassets; sourceTree = "<group>"; };
		37B7562825C8E0A7002C1D2C /* Base */ = {isa = PBXFileReference; lastKnownFileType = file.storyboard; name = Base; path = Base.lproj/LaunchScreen.storyboard; sourceTree = "<group>"; };
		37B7562A25C8E0A7002C1D2C /* Info.plist */ = {isa = PBXFileReference; lastKnownFileType = text.plist.xml; path = Info.plist; sourceTree = "<group>"; };
		37B7562F25C8E0A7002C1D2C /* Pre-work Surya PatilTests.xctest */ = {isa = PBXFileReference; explicitFileType = wrapper.cfbundle; includeInIndex = 0; path = "Pre-work Surya PatilTests.xctest"; sourceTree = BUILT_PRODUCTS_DIR; };
		37B7563325C8E0A7002C1D2C /* Pre_work_Surya_PatilTests.swift */ = {isa = PBXFileReference; lastKnownFileType = sourcecode.swift; path = Pre_work_Surya_PatilTests.swift; sourceTree = "<group>"; };
		37B7563525C8E0A7002C1D2C /* Info.plist */ = {isa = PBXFileReference; lastKnownFileType = text.plist.xml; path = Info.plist; sourceTree = "<group>"; };
		37B7563A25C8E0A7002C1D2C /* Pre-work Surya PatilUITests.xctest */ = {isa = PBXFileReference; explicitFileType = wrapper.cfbundle; includeInIndex = 0; path = "Pre-work Surya PatilUITests.xctest"; sourceTree = BUILT_PRODUCTS_DIR; };
		37B7563E25C8E0A7002C1D2C /* Pre_work_Surya_PatilUITests.swift */ = {isa = PBXFileReference; lastKnownFileType = sourcecode.swift; path = Pre_work_Surya_PatilUITests.swift; sourceTree = "<group>"; };
		37B7564025C8E0A7002C1D2C /* Info.plist */ = {isa = PBXFileReference; lastKnownFileType = text.plist.xml; path = Info.plist; sourceTree = "<group>"; };
/* End PBXFileReference section */

/* Begin PBXFrameworksBuildPhase section */
		37B7561325C8E0A6002C1D2C /* Frameworks */ = {
			isa = PBXFrameworksBuildPhase;
			buildActionMask = 2147483647;
			files = (
			);
			runOnlyForDeploymentPostprocessing = 0;
		};
		37B7562C25C8E0A7002C1D2C /* Frameworks */ = {
			isa = PBXFrameworksBuildPhase;
			buildActionMask = 2147483647;
			files = (
			);
			runOnlyForDeploymentPostprocessing = 0;
		};
		37B7563725C8E0A7002C1D2C /* Frameworks */ = {
			isa = PBXFrameworksBuildPhase;
			buildActionMask = 2147483647;
			files = (
			);
			runOnlyForDeploymentPostprocessing = 0;
		};
/* End PBXFrameworksBuildPhase section */

/* Begin PBXGroup section */
		37B7560D25C8E0A6002C1D2C = {
			isa = PBXGroup;
			children = (
				37B7561825C8E0A6002C1D2C /* Pre-work Surya Patil */,
				37B7563225C8E0A7002C1D2C /* Pre-work Surya PatilTests */,
				37B7563D25C8E0A7002C1D2C /* Pre-work Surya PatilUITests */,
				37B7561725C8E0A6002C1D2C /* Products */,
			);
			sourceTree = "<group>";
		};
		37B7561725C8E0A6002C1D2C /* Products */ = {
			isa = PBXGroup;
			children = (
				37B7561625C8E0A6002C1D2C /* Pre-work Surya Patil.app */,
				37B7562F25C8E0A7002C1D2C /* Pre-work Surya PatilTests.xctest */,
				37B7563A25C8E0A7002C1D2C /* Pre-work Surya PatilUITests.xctest */,
			);
			name = Products;
			sourceTree = "<group>";
		};
		37B7561825C8E0A6002C1D2C /* Pre-work Surya Patil */ = {
			isa = PBXGroup;
			children = (
				37B7561925C8E0A6002C1D2C /* AppDelegate.swift */,
				37B7561B25C8E0A6002C1D2C /* SceneDelegate.swift */,
				37B7561D25C8E0A6002C1D2C /* ViewController.swift */,
				37B7561F25C8E0A6002C1D2C /* Main.storyboard */,
				37B7562525C8E0A7002C1D2C /* Assets.xcassets */,
				37B7562725C8E0A7002C1D2C /* LaunchScreen.storyboard */,
				37B7562A25C8E0A7002C1D2C /* Info.plist */,
				37B7562225C8E0A6002C1D2C /* Pre_work_Surya_Patil.xcdatamodeld */,
			);
			path = "Pre-work Surya Patil";
			sourceTree = "<group>";
		};
		37B7563225C8E0A7002C1D2C /* Pre-work Surya PatilTests */ = {
			isa = PBXGroup;
			children = (
				37B7563325C8E0A7002C1D2C /* Pre_work_Surya_PatilTests.swift */,
				37B7563525C8E0A7002C1D2C /* Info.plist */,
			);
			path = "Pre-work Surya PatilTests";
			sourceTree = "<group>";
		};
		37B7563D25C8E0A7002C1D2C /* Pre-work Surya PatilUITests */ = {
			isa = PBXGroup;
			children = (
				37B7563E25C8E0A7002C1D2C /* Pre_work_Surya_PatilUITests.swift */,
				37B7564025C8E0A7002C1D2C /* Info.plist */,
			);
			path = "Pre-work Surya PatilUITests";
			sourceTree = "<group>";
		};
/* End PBXGroup section */

/* Begin PBXNativeTarget section */
		37B7561525C8E0A6002C1D2C /* Pre-work Surya Patil */ = {
			isa = PBXNativeTarget;
			buildConfigurationList = 37B7564325C8E0A7002C1D2C /* Build configuration list for PBXNativeTarget "Pre-work Surya Patil" */;
			buildPhases = (
				37B7561225C8E0A6002C1D2C /* Sources */,
				37B7561325C8E0A6002C1D2C /* Frameworks */,
				37B7561425C8E0A6002C1D2C /* Resources */,
			);
			buildRules = (
			);
			dependencies = (
			);
			name = "Pre-work Surya Patil";
			productName = "Pre-work Surya Patil";
			productReference = 37B7561625C8E0A6002C1D2C /* Pre-work Surya Patil.app */;
			productType = "com.apple.product-type.application";
		};
		37B7562E25C8E0A7002C1D2C /* Pre-work Surya PatilTests */ = {
			isa = PBXNativeTarget;
			buildConfigurationList = 37B7564625C8E0A7002C1D2C /* Build configuration list for PBXNativeTarget "Pre-work Surya PatilTests" */;
			buildPhases = (
				37B7562B25C8E0A7002C1D2C /* Sources */,
				37B7562C25C8E0A7002C1D2C /* Frameworks */,
				37B7562D25C8E0A7002C1D2C /* Resources */,
			);
			buildRules = (
			);
			dependencies = (
				37B7563125C8E0A7002C1D2C /* PBXTargetDependency */,
			);
			name = "Pre-work Surya PatilTests";
			productName = "Pre-work Surya PatilTests";
			productReference = 37B7562F25C8E0A7002C1D2C /* Pre-work Surya PatilTests.xctest */;
			productType = "com.apple.product-type.bundle.unit-test";
		};
		37B7563925C8E0A7002C1D2C /* Pre-work Surya PatilUITests */ = {
			isa = PBXNativeTarget;
			buildConfigurationList = 37B7564925C8E0A7002C1D2C /* Build configuration list for PBXNativeTarget "Pre-work Surya PatilUITests" */;
			buildPhases = (
				37B7563625C8E0A7002C1D2C /* Sources */,
				37B7563725C8E0A7002C1D2C /* Frameworks */,
				37B7563825C8E0A7002C1D2C /* Resources */,
			);
			buildRules = (
			);
			dependencies = (
				37B7563C25C8E0A7002C1D2C /* PBXTargetDependency */,
			);
			name = "Pre-work Surya PatilUITests";
			productName = "Pre-work Surya PatilUITests";
			productReference = 37B7563A25C8E0A7002C1D2C /* Pre-work Surya PatilUITests.xctest */;
			productType = "com.apple.product-type.bundle.ui-testing";
		};
/* End PBXNativeTarget section */

/* Begin PBXProject section */
		37B7560E25C8E0A6002C1D2C /* Project object */ = {
			isa = PBXProject;
			attributes = {
				LastSwiftUpdateCheck = 1240;
				LastUpgradeCheck = 1240;
				TargetAttributes = {
					37B7561525C8E0A6002C1D2C = {
						CreatedOnToolsVersion = 12.4;
					};
					37B7562E25C8E0A7002C1D2C = {
						CreatedOnToolsVersion = 12.4;
						TestTargetID = 37B7561525C8E0A6002C1D2C;
					};
					37B7563925C8E0A7002C1D2C = {
						CreatedOnToolsVersion = 12.4;
						TestTargetID = 37B7561525C8E0A6002C1D2C;
					};
				};
			};
			buildConfigurationList = 37B7561125C8E0A6002C1D2C /* Build configuration list for PBXProject "Pre-work Surya Patil" */;
			compatibilityVersion = "Xcode 9.3";
			developmentRegion = en;
			hasScannedForEncodings = 0;
			knownRegions = (
				en,
				Base,
			);
			mainGroup = 37B7560D25C8E0A6002C1D2C;
			productRefGroup = 37B7561725C8E0A6002C1D2C /* Products */;
			projectDirPath = "";
			projectRoot = "";
			targets = (
				37B7561525C8E0A6002C1D2C /* Pre-work Surya Patil */,
				37B7562E25C8E0A7002C1D2C /* Pre-work Surya PatilTests */,
				37B7563925C8E0A7002C1D2C /* Pre-work Surya PatilUITests */,
			);
		};
/* End PBXProject section */

/* Begin PBXResourcesBuildPhase section */
		37B7561425C8E0A6002C1D2C /* Resources */ = {
			isa = PBXResourcesBuildPhase;
			buildActionMask = 2147483647;
			files = (
				37B7562925C8E0A7002C1D2C /* LaunchScreen.storyboard in Resources */,
				37B7562625C8E0A7002C1D2C /* Assets.xcassets in Resources */,
				37B7562125C8E0A6002C1D2C /* Main.storyboard in Resources */,
			);
			runOnlyForDeploymentPostprocessing = 0;
		};
		37B7562D25C8E0A7002C1D2C /* Resources */ = {
			isa = PBXResourcesBuildPhase;
			buildActionMask = 2147483647;
			files = (
			);
			runOnlyForDeploymentPostprocessing = 0;
		};
		37B7563825C8E0A7002C1D2C /* Resources */ = {
			isa = PBXResourcesBuildPhase;
			buildActionMask = 2147483647;
			files = (
			);
			runOnlyForDeploymentPostprocessing = 0;
		};
/* End PBXResourcesBuildPhase section */

/* Begin PBXSourcesBuildPhase section */
		37B7561225C8E0A6002C1D2C /* Sources */ = {
			isa = PBXSourcesBuildPhase;
			buildActionMask = 2147483647;
			files = (
				37B7561E25C8E0A6002C1D2C /* ViewController.swift in Sources */,
				37B7561A25C8E0A6002C1D2C /* AppDelegate.swift in Sources */,
				37B7562425C8E0A6002C1D2C /* Pre_work_Surya_Patil.xcdatamodeld in Sources */,
				37B7561C25C8E0A6002C1D2C /* SceneDelegate.swift in Sources */,
			);
			runOnlyForDeploymentPostprocessing = 0;
		};
		37B7562B25C8E0A7002C1D2C /* Sources */ = {
			isa = PBXSourcesBuildPhase;
			buildActionMask = 2147483647;
			files = (
				37B7563425C8E0A7002C1D2C /* Pre_work_Surya_PatilTests.swift in Sources */,
			);
			runOnlyForDeploymentPostprocessing = 0;
		};
		37B7563625C8E0A7002C1D2C /* Sources */ = {
			isa = PBXSourcesBuildPhase;
			buildActionMask = 2147483647;
			files = (
				37B7563F25C8E0A7002C1D2C /* Pre_work_Surya_PatilUITests.swift in Sources */,
			);
			runOnlyForDeploymentPostprocessing = 0;
		};
/* End PBXSourcesBuildPhase section */

/* Begin PBXTargetDependency section */
		37B7563125C8E0A7002C1D2C /* PBXTargetDependency */ = {
			isa = PBXTargetDependency;
			target = 37B7561525C8E0A6002C1D2C /* Pre-work Surya Patil */;
			targetProxy = 37B7563025C8E0A7002C1D2C /* PBXContainerItemProxy */;
		};
		37B7563C25C8E0A7002C1D2C /* PBXTargetDependency */ = {
			isa = PBXTargetDependency;
			target = 37B7561525C8E0A6002C1D2C /* Pre-work Surya Patil */;
			targetProxy = 37B7563B25C8E0A7002C1D2C /* PBXContainerItemProxy */;
		};
/* End PBXTargetDependency section */

/* Begin PBXVariantGroup section */
		37B7561F25C8E0A6002C1D2C /* Main.storyboard */ = {
			isa = PBXVariantGroup;
			children = (
				37B7562025C8E0A6002C1D2C /* Base */,
			);
			name = Main.storyboard;
			sourceTree = "<group>";
		};
		37B7562725C8E0A7002C1D2C /* LaunchScreen.storyboard */ = {
			isa = PBXVariantGroup;
			children = (
				37B7562825C8E0A7002C1D2C /* Base */,
			);
			name = LaunchScreen.storyboard;
			sourceTree = "<group>";
		};
/* End PBXVariantGroup section */

/* Begin XCBuildConfiguration section */
		37B7564125C8E0A7002C1D2C /* Debug */ = {
			isa = XCBuildConfiguration;
			buildSettings = {
				ALWAYS_SEARCH_USER_PATHS = NO;
				CLANG_ANALYZER_NONNULL = YES;
				CLANG_ANALYZER_NUMBER_OBJECT_CONVERSION = YES_AGGRESSIVE;
				CLANG_CXX_LANGUAGE_STANDARD = "gnu++14";
				CLANG_CXX_LIBRARY = "libc++";
				CLANG_ENABLE_MODULES = YES;
				CLANG_ENABLE_OBJC_ARC = YES;
				CLANG_ENABLE_OBJC_WEAK = YES;
				CLANG_WARN_BLOCK_CAPTURE_AUTORELEASING = YES;
				CLANG_WARN_BOOL_CONVERSION = YES;
				CLANG_WARN_COMMA = YES;
				CLANG_WARN_CONSTANT_CONVERSION = YES;
				CLANG_WARN_DEPRECATED_OBJC_IMPLEMENTATIONS = YES;
				CLANG_WARN_DIRECT_OBJC_ISA_USAGE = YES_ERROR;
				CLANG_WARN_DOCUMENTATION_COMMENTS = YES;
				CLANG_WARN_EMPTY_BODY = YES;
				CLANG_WARN_ENUM_CONVERSION = YES;
				CLANG_WARN_INFINITE_RECURSION = YES;
				CLANG_WARN_INT_CONVERSION = YES;
				CLANG_WARN_NON_LITERAL_NULL_CONVERSION = YES;
				CLANG_WARN_OBJC_IMPLICIT_RETAIN_SELF = YES;
				CLANG_WARN_OBJC_LITERAL_CONVERSION = YES;
				CLANG_WARN_OBJC_ROOT_CLASS = YES_ERROR;
				CLANG_WARN_QUOTED_INCLUDE_IN_FRAMEWORK_HEADER = YES;
				CLANG_WARN_RANGE_LOOP_ANALYSIS = YES;
				CLANG_WARN_STRICT_PROTOTYPES = YES;
				CLANG_WARN_SUSPICIOUS_MOVE = YES;
				CLANG_WARN_UNGUARDED_AVAILABILITY = YES_AGGRESSIVE;
				CLANG_WARN_UNREACHABLE_CODE = YES;
				CLANG_WARN__DUPLICATE_METHOD_MATCH = YES;
				COPY_PHASE_STRIP = NO;
				DEBUG_INFORMATION_FORMAT = dwarf;
				ENABLE_STRICT_OBJC_MSGSEND = YES;
				ENABLE_TESTABILITY = YES;
				GCC_C_LANGUAGE_STANDARD = gnu11;
				GCC_DYNAMIC_NO_PIC = NO;
				GCC_NO_COMMON_BLOCKS = YES;
				GCC_OPTIMIZATION_LEVEL = 0;
				GCC_PREPROCESSOR_DEFINITIONS = (
					"DEBUG=1",
					"$(inherited)",
				);
				GCC_WARN_64_TO_32_BIT_CONVERSION = YES;
				GCC_WARN_ABOUT_RETURN_TYPE = YES_ERROR;
				GCC_WARN_UNDECLARED_SELECTOR = YES;
				GCC_WARN_UNINITIALIZED_AUTOS = YES_AGGRESSIVE;
				GCC_WARN_UNUSED_FUNCTION = YES;
				GCC_WARN_UNUSED_VARIABLE = YES;
				IPHONEOS_DEPLOYMENT_TARGET = 14.4;
				MTL_ENABLE_DEBUG_INFO = INCLUDE_SOURCE;
				MTL_FAST_MATH = YES;
				ONLY_ACTIVE_ARCH = YES;
				SDKROOT = iphoneos;
				SWIFT_ACTIVE_COMPILATION_CONDITIONS = DEBUG;
				SWIFT_OPTIMIZATION_LEVEL = "-Onone";
			};
			name = Debug;
		};
		37B7564225C8E0A7002C1D2C /* Release */ = {
			isa = XCBuildConfiguration;
			buildSettings = {
				ALWAYS_SEARCH_USER_PATHS = NO;
				CLANG_ANALYZER_NONNULL = YES;
				CLANG_ANALYZER_NUMBER_OBJECT_CONVERSION = YES_AGGRESSIVE;
				CLANG_CXX_LANGUAGE_STANDARD = "gnu++14";
				CLANG_CXX_LIBRARY = "libc++";
				CLANG_ENABLE_MODULES = YES;
				CLANG_ENABLE_OBJC_ARC = YES;
				CLANG_ENABLE_OBJC_WEAK = YES;
				CLANG_WARN_BLOCK_CAPTURE_AUTORELEASING = YES;
				CLANG_WARN_BOOL_CONVERSION = YES;
				CLANG_WARN_COMMA = YES;
				CLANG_WARN_CONSTANT_CONVERSION = YES;
				CLANG_WARN_DEPRECATED_OBJC_IMPLEMENTATIONS = YES;
				CLANG_WARN_DIRECT_OBJC_ISA_USAGE = YES_ERROR;
				CLANG_WARN_DOCUMENTATION_COMMENTS = YES;
				CLANG_WARN_EMPTY_BODY = YES;
				CLANG_WARN_ENUM_CONVERSION = YES;
				CLANG_WARN_INFINITE_RECURSION = YES;
				CLANG_WARN_INT_CONVERSION = YES;
				CLANG_WARN_NON_LITERAL_NULL_CONVERSION = YES;
				CLANG_WARN_OBJC_IMPLICIT_RETAIN_SELF = YES;
				CLANG_WARN_OBJC_LITERAL_CONVERSION = YES;
				CLANG_WARN_OBJC_ROOT_CLASS = YES_ERROR;
				CLANG_WARN_QUOTED_INCLUDE_IN_FRAMEWORK_HEADER = YES;
				CLANG_WARN_RANGE_LOOP_ANALYSIS = YES;
				CLANG_WARN_STRICT_PROTOTYPES = YES;
				CLANG_WARN_SUSPICIOUS_MOVE = YES;
				CLANG_WARN_UNGUARDED_AVAILABILITY = YES_AGGRESSIVE;
				CLANG_WARN_UNREACHABLE_CODE = YES;
				CLANG_WARN__DUPLICATE_METHOD_MATCH = YES;
				COPY_PHASE_STRIP = NO;
				DEBUG_INFORMATION_FORMAT = "dwarf-with-dsym";
				ENABLE_NS_ASSERTIONS = NO;
				ENABLE_STRICT_OBJC_MSGSEND = YES;
				GCC_C_LANGUAGE_STANDARD = gnu11;
				GCC_NO_COMMON_BLOCKS = YES;
				GCC_WARN_64_TO_32_BIT_CONVERSION = YES;
				GCC_WARN_ABOUT_RETURN_TYPE = YES_ERROR;
				GCC_WARN_UNDECLARED_SELECTOR = YES;
				GCC_WARN_UNINITIALIZED_AUTOS = YES_AGGRESSIVE;
				GCC_WARN_UNUSED_FUNCTION = YES;
				GCC_WARN_UNUSED_VARIABLE = YES;
				IPHONEOS_DEPLOYMENT_TARGET = 14.4;
				MTL_ENABLE_DEBUG_INFO = NO;
				MTL_FAST_MATH = YES;
				SDKROOT = iphoneos;
				SWIFT_COMPILATION_MODE = wholemodule;
				SWIFT_OPTIMIZATION_LEVEL = "-O";
				VALIDATE_PRODUCT = YES;
			};
			name = Release;
		};
		37B7564425C8E0A7002C1D2C /* Debug */ = {
			isa = XCBuildConfiguration;
			buildSettings = {
				ASSETCATALOG_COMPILER_APPICON_NAME = AppIcon;
				ASSETCATALOG_COMPILER_GLOBAL_ACCENT_COLOR_NAME = AccentColor;
				CODE_SIGN_STYLE = Automatic;
				INFOPLIST_FILE = "Pre-work Surya Patil/Info.plist";
				LD_RUNPATH_SEARCH_PATHS = (
					"$(inherited)",
					"@executable_path/Frameworks",
				);
				PRODUCT_BUNDLE_IDENTIFIER = "SuryaPatil.Pre-work-Surya-Patil";
				PRODUCT_NAME = "$(TARGET_NAME)";
				SWIFT_VERSION = 5.0;
				TARGETED_DEVICE_FAMILY = "1,2";
			};
			name = Debug;
		};
		37B7564525C8E0A7002C1D2C /* Release */ = {
			isa = XCBuildConfiguration;
			buildSettings = {
				ASSETCATALOG_COMPILER_APPICON_NAME = AppIcon;
				ASSETCATALOG_COMPILER_GLOBAL_ACCENT_COLOR_NAME = AccentColor;
				CODE_SIGN_STYLE = Automatic;
				INFOPLIST_FILE = "Pre-work Surya Patil/Info.plist";
				LD_RUNPATH_SEARCH_PATHS = (
					"$(inherited)",
					"@executable_path/Frameworks",
				);
				PRODUCT_BUNDLE_IDENTIFIER = "SuryaPatil.Pre-work-Surya-Patil";
				PRODUCT_NAME = "$(TARGET_NAME)";
				SWIFT_VERSION = 5.0;
				TARGETED_DEVICE_FAMILY = "1,2";
			};
			name = Release;
		};
		37B7564725C8E0A7002C1D2C /* Debug */ = {
			isa = XCBuildConfiguration;
			buildSettings = {
				ALWAYS_EMBED_SWIFT_STANDARD_LIBRARIES = YES;
				BUNDLE_LOADER = "$(TEST_HOST)";
				CODE_SIGN_STYLE = Automatic;
				INFOPLIST_FILE = "Pre-work Surya PatilTests/Info.plist";
				IPHONEOS_DEPLOYMENT_TARGET = 14.4;
				LD_RUNPATH_SEARCH_PATHS = (
					"$(inherited)",
					"@executable_path/Frameworks",
					"@loader_path/Frameworks",
				);
				PRODUCT_BUNDLE_IDENTIFIER = "SuryaPatil.Pre-work-Surya-PatilTests";
				PRODUCT_NAME = "$(TARGET_NAME)";
				SWIFT_VERSION = 5.0;
				TARGETED_DEVICE_FAMILY = "1,2";
				TEST_HOST = "$(BUILT_PRODUCTS_DIR)/Pre-work Surya Patil.app/Pre-work Surya Patil";
			};
			name = Debug;
		};
		37B7564825C8E0A7002C1D2C /* Release */ = {
			isa = XCBuildConfiguration;
			buildSettings = {
				ALWAYS_EMBED_SWIFT_STANDARD_LIBRARIES = YES;
				BUNDLE_LOADER = "$(TEST_HOST)";
				CODE_SIGN_STYLE = Automatic;
				INFOPLIST_FILE = "Pre-work Surya PatilTests/Info.plist";
				IPHONEOS_DEPLOYMENT_TARGET = 14.4;
				LD_RUNPATH_SEARCH_PATHS = (
					"$(inherited)",
					"@executable_path/Frameworks",
					"@loader_path/Frameworks",
				);
				PRODUCT_BUNDLE_IDENTIFIER = "SuryaPatil.Pre-work-Surya-PatilTests";
				PRODUCT_NAME = "$(TARGET_NAME)";
				SWIFT_VERSION = 5.0;
				TARGETED_DEVICE_FAMILY = "1,2";
				TEST_HOST = "$(BUILT_PRODUCTS_DIR)/Pre-work Surya Patil.app/Pre-work Surya Patil";
			};
			name = Release;
		};
		37B7564A25C8E0A7002C1D2C /* Debug */ = {
			isa = XCBuildConfiguration;
			buildSettings = {
				ALWAYS_EMBED_SWIFT_STANDARD_LIBRARIES = YES;
				CODE_SIGN_STYLE = Automatic;
				INFOPLIST_FILE = "Pre-work Surya PatilUITests/Info.plist";
				LD_RUNPATH_SEARCH_PATHS = (
					"$(inherited)",
					"@executable_path/Frameworks",
					"@loader_path/Frameworks",
				);
				PRODUCT_BUNDLE_IDENTIFIER = "SuryaPatil.Pre-work-Surya-PatilUITests";
				PRODUCT_NAME = "$(TARGET_NAME)";
				SWIFT_VERSION = 5.0;
				TARGETED_DEVICE_FAMILY = "1,2";
				TEST_TARGET_NAME = "Pre-work Surya Patil";
			};
			name = Debug;
		};
		37B7564B25C8E0A7002C1D2C /* Release */ = {
			isa = XCBuildConfiguration;
			buildSettings = {
				ALWAYS_EMBED_SWIFT_STANDARD_LIBRARIES = YES;
				CODE_SIGN_STYLE = Automatic;
				INFOPLIST_FILE = "Pre-work Surya PatilUITests/Info.plist";
				LD_RUNPATH_SEARCH_PATHS = (
					"$(inherited)",
					"@executable_path/Frameworks",
					"@loader_path/Frameworks",
				);
				PRODUCT_BUNDLE_IDENTIFIER = "SuryaPatil.Pre-work-Surya-PatilUITests";
				PRODUCT_NAME = "$(TARGET_NAME)";
				SWIFT_VERSION = 5.0;
				TARGETED_DEVICE_FAMILY = "1,2";
				TEST_TARGET_NAME = "Pre-work Surya Patil";
			};
			name = Release;
		};
/* End XCBuildConfiguration section */

/* Begin XCConfigurationList section */
		37B7561125C8E0A6002C1D2C /* Build configuration list for PBXProject "Pre-work Surya Patil" */ = {
			isa = XCConfigurationList;
			buildConfigurations = (
				37B7564125C8E0A7002C1D2C /* Debug */,
				37B7564225C8E0A7002C1D2C /* Release */,
			);
			defaultConfigurationIsVisible = 0;
			defaultConfigurationName = Release;
		};
		37B7564325C8E0A7002C1D2C /* Build configuration list for PBXNativeTarget "Pre-work Surya Patil" */ = {
			isa = XCConfigurationList;
			buildConfigurations = (
				37B7564425C8E0A7002C1D2C /* Debug */,
				37B7564525C8E0A7002C1D2C /* Release */,
			);
			defaultConfigurationIsVisible = 0;
			defaultConfigurationName = Release;
		};
		37B7564625C8E0A7002C1D2C /* Build configuration list for PBXNativeTarget "Pre-work Surya PatilTests" */ = {
			isa = XCConfigurationList;
			buildConfigurations = (
				37B7564725C8E0A7002C1D2C /* Debug */,
				37B7564825C8E0A7002C1D2C /* Release */,
			);
			defaultConfigurationIsVisible = 0;
			defaultConfigurationName = Release;
		};
		37B7564925C8E0A7002C1D2C /* Build configuration list for PBXNativeTarget "Pre-work Surya PatilUITests" */ = {
			isa = XCConfigurationList;
			buildConfigurations = (
				37B7564A25C8E0A7002C1D2C /* Debug */,
				37B7564B25C8E0A7002C1D2C /* Release */,
			);
			defaultConfigurationIsVisible = 0;
			defaultConfigurationName = Release;
		};
/* End XCConfigurationList section */

/* Begin XCVersionGroup section */
		37B7562225C8E0A6002C1D2C /* Pre_work_Surya_Patil.xcdatamodeld */ = {
			isa = XCVersionGroup;
			children = (
				37B7562325C8E0A6002C1D2C /* Pre_work_Surya_Patil.xcdatamodel */,
			);
			currentVersion = 37B7562325C8E0A6002C1D2C /* Pre_work_Surya_Patil.xcdatamodel */;
			path = Pre_work_Surya_Patil.xcdatamodeld;
			sourceTree = "<group>";
			versionGroupType = wrapper.xcdatamodel;
		};
/* End XCVersionGroup section */
	};
	rootObject = 37B7560E25C8E0A6002C1D2C /* Project object */;
}
